{
    "_readme": [
        "This file locks the dependencies of your project to a known state",
        "Read more about it at http://getcomposer.org/doc/01-basic-usage.md#composer-lock-the-lock-file",
        "This file is @generated automatically"
    ],
    "hash": "8dd22bd68c718bff1ee628c444cf7966",
    "packages": [
        {
            "name": "composer/installers",
            "version": "v1.0.25",
            "source": {
                "type": "git",
                "url": "https://github.com/composer/installers.git",
                "reference": "36e5b5843203d7f1cf6ffb0305a97e014387bd8e"
            },
            "dist": {
                "type": "zip",
                "url": "https://api.github.com/repos/composer/installers/zipball/36e5b5843203d7f1cf6ffb0305a97e014387bd8e",
                "reference": "36e5b5843203d7f1cf6ffb0305a97e014387bd8e",
                "shasum": ""
            },
            "require": {
                "composer-plugin-api": "^1.0"
            },
            "replace": {
                "roundcube/plugin-installer": "*",
                "shama/baton": "*"
            },
            "require-dev": {
                "composer/composer": "1.0.*@dev",
                "phpunit/phpunit": "4.1.*"
            },
            "type": "composer-plugin",
            "extra": {
                "class": "Composer\\Installers\\Plugin",
                "branch-alias": {
                    "dev-master": "1.0-dev"
                }
            },
            "autoload": {
                "psr-4": {
                    "Composer\\Installers\\": "src/Composer/Installers"
                }
            },
            "notification-url": "https://packagist.org/downloads/",
            "license": [
                "MIT"
            ],
            "authors": [
                {
                    "name": "Kyle Robinson Young",
                    "email": "kyle@dontkry.com",
                    "homepage": "https://github.com/shama"
                }
            ],
            "description": "A multi-framework Composer library installer",
            "homepage": "https://composer.github.io/installers/",
            "keywords": [
                "Craft",
                "Dolibarr",
                "Hurad",
                "ImageCMS",
                "MODX Evo",
                "Mautic",
                "OXID",
                "SMF",
                "Thelia",
                "WolfCMS",
                "agl",
                "aimeos",
                "annotatecms",
                "bitrix",
                "cakephp",
                "chef",
                "codeigniter",
                "concrete5",
                "croogo",
                "dokuwiki",
                "drupal",
                "elgg",
                "fuelphp",
                "grav",
                "installer",
                "joomla",
                "kohana",
                "laravel",
                "lithium",
                "magento",
                "mako",
                "mediawiki",
                "modulework",
                "moodle",
                "phpbb",
                "piwik",
                "ppi",
                "puppet",
                "roundcube",
                "shopware",
                "silverstripe",
                "symfony",
                "typo3",
                "wordpress",
                "zend",
                "zikula"
            ],
            "time": "2016-04-13 19:46:30"
        },
        {
            "name": "johnpbloch/wordpress",
            "version": "4.5.2",
            "source": {
                "type": "git",
                "url": "https://github.com/johnpbloch/wordpress.git",
                "reference": "e992d00a34ea84d55c80023d27d5bcb839069add"
            },
            "dist": {
                "type": "zip",
                "url": "https://api.github.com/repos/johnpbloch/wordpress/zipball/e992d00a34ea84d55c80023d27d5bcb839069add",
                "reference": "e992d00a34ea84d55c80023d27d5bcb839069add",
                "shasum": ""
            },
            "require": {
                "johnpbloch/wordpress-core-installer": "~0.2",
                "php": ">=5.3.2"
            },
            "type": "wordpress-core",
            "notification-url": "https://packagist.org/downloads/",
            "license": [
                "GPL-2.0+"
            ],
            "authors": [
                {
                    "name": "WordPress Community",
                    "homepage": "http://wordpress.org/about/"
                }
            ],
            "description": "WordPress is web software you can use to create a beautiful website or blog.",
            "homepage": "http://wordpress.org/",
            "keywords": [
                "blog",
                "cms"
            ],
            "time": "2016-05-06 18:16:20"
        },
        {
            "name": "johnpbloch/wordpress-core-installer",
            "version": "0.2.1",
            "source": {
                "type": "git",
                "url": "https://github.com/johnpbloch/wordpress-core-installer.git",
                "reference": "a04c2c383ef13aae077f36799ed2eafdebd618d2"
            },
            "dist": {
                "type": "zip",
                "url": "https://api.github.com/repos/johnpbloch/wordpress-core-installer/zipball/a04c2c383ef13aae077f36799ed2eafdebd618d2",
                "reference": "a04c2c383ef13aae077f36799ed2eafdebd618d2",
                "shasum": ""
            },
            "require": {
                "composer-plugin-api": "^1.0"
            },
            "conflict": {
                "composer/installers": "<1.0.6"
            },
            "require-dev": {
                "composer/composer": "1.0.*@dev"
            },
            "type": "composer-plugin",
            "extra": {
                "class": "johnpbloch\\Composer\\WordPressCorePlugin"
            },
            "autoload": {
                "psr-0": {
                    "johnpbloch\\Composer\\": "src/"
                }
            },
            "notification-url": "https://packagist.org/downloads/",
            "license": [
                "GPL-2.0+"
            ],
            "authors": [
                {
                    "name": "John P. Bloch",
                    "email": "me@johnpbloch.com"
                }
            ],
            "description": "A custom installer to handle deploying WordPress with composer",
            "keywords": [
                "wordpress"
            ],
            "time": "2015-06-11 15:15:30"
        },
        {
            "name": "trinitymirror/Term-Menu-Order",
            "version": "dev-develop",
            "source": {
                "type": "git",
                "url": "https://github.com/trinitymirror/Term-Menu-Order.git",
                "reference": "e727f16db8fa8cc7e5c503b3cb1743faf2ee7a93"
            },
            "dist": {
                "type": "zip",
                "url": "https://api.github.com/repos/trinitymirror/Term-Menu-Order/zipball/e727f16db8fa8cc7e5c503b3cb1743faf2ee7a93",
                "reference": "e727f16db8fa8cc7e5c503b3cb1743faf2ee7a93",
                "shasum": ""
            },
            "require": {
                "composer/installers": "^1.0"
            },
            "type": "wordpress-plugin",
            "license": [
                "GPL-2.0+"
            ],
            "authors": [
                {
                    "name": "James Lafferty",
                    "email": "james@nearlysensical.com"
                }
            ],
            "description": "Adds a menu_order field to terms, allowing theme and plugin developers to sort term by menu_order (similar to pages).",
            "keywords": [
                "wordpress"
            ],
            "support": {
                "source": "https://github.com/trinitymirror/Term-Menu-Order/tree/develop"
            },
            "time": "2015-10-20 14:02:38"
        },
        {
            "name": "vlucas/phpdotenv",
            "version": "v2.0.1",
            "source": {
                "type": "git",
                "url": "https://github.com/vlucas/phpdotenv.git",
                "reference": "91064290f5b53a09bdff1b939d7f69fb0e7531b5"
            },
            "dist": {
                "type": "zip",
                "url": "https://api.github.com/repos/vlucas/phpdotenv/zipball/91064290f5b53a09bdff1b939d7f69fb0e7531b5",
                "reference": "91064290f5b53a09bdff1b939d7f69fb0e7531b5",
                "shasum": ""
            },
            "require": {
                "php": ">=5.3.2"
            },
            "require-dev": {
                "phpunit/phpunit": "~4.0"
            },
            "type": "library",
            "autoload": {
                "psr-4": {
                    "Dotenv\\": "src/"
                }
            },
            "notification-url": "https://packagist.org/downloads/",
            "license": [
                "BSD"
            ],
            "authors": [
                {
                    "name": "Vance Lucas",
                    "email": "vance@vancelucas.com",
                    "homepage": "http://www.vancelucas.com"
                }
            ],
            "description": "Loads environment variables from `.env` to `getenv()`, `$_ENV` and `$_SERVER` automagically.",
            "homepage": "http://github.com/vlucas/phpdotenv",
            "keywords": [
                "dotenv",
                "env",
                "environment"
            ],
            "time": "2015-05-30 16:15:01"
        },
        {
            "name": "wpackagist-plugin/admin-menu-manager",
            "version": "1.0.3",
            "source": {
                "type": "svn",
                "url": "http://plugins.svn.wordpress.org/admin-menu-manager/",
                "reference": "tags/1.0.3"
            },
            "dist": {
                "type": "zip",
                "url": "https://downloads.wordpress.org/plugin/admin-menu-manager.1.0.3.zip",
                "reference": null,
                "shasum": null
            },
            "require": {
                "composer/installers": "~1.0"
            },
            "type": "wordpress-plugin",
            "homepage": "https://wordpress.org/plugins/admin-menu-manager/"
        },
        {
            "name": "wpackagist-plugin/backwpup",
            "version": "3.3.1",
            "source": {
                "type": "svn",
                "url": "https://plugins.svn.wordpress.org/backwpup/",
                "reference": "tags/3.3.1"
            },
            "dist": {
                "type": "zip",
                "url": "https://downloads.wordpress.org/plugin/backwpup.3.3.1.zip",
                "reference": null,
                "shasum": null
            },
            "require": {
                "composer/installers": "~1.0"
            },
            "type": "wordpress-plugin",
            "homepage": "https://wordpress.org/plugins/backwpup/"
        },
        {
            "name": "wpackagist-plugin/brute-force-login-protection",
            "version": "1.5.2",
            "source": {
                "type": "svn",
                "url": "http://plugins.svn.wordpress.org/brute-force-login-protection/",
                "reference": "tags/1.5.2"
            },
            "dist": {
                "type": "zip",
                "url": "https://downloads.wordpress.org/plugin/brute-force-login-protection.1.5.2.zip",
                "reference": null,
                "shasum": null
            },
            "require": {
                "composer/installers": "~1.0"
            },
            "type": "wordpress-plugin",
            "homepage": "https://wordpress.org/plugins/brute-force-login-protection/"
        },
        {
            "name": "wpackagist-plugin/google-analytics-for-wordpress",
            "version": "5.5",
            "source": {
                "type": "svn",
                "url": "https://plugins.svn.wordpress.org/google-analytics-for-wordpress/",
                "reference": "tags/5.5"
            },
            "dist": {
                "type": "zip",
                "url": "https://downloads.wordpress.org/plugin/google-analytics-for-wordpress.5.5.zip",
                "reference": null,
                "shasum": null
            },
            "require": {
                "composer/installers": "~1.0"
            },
            "type": "wordpress-plugin",
            "homepage": "https://wordpress.org/plugins/google-analytics-for-wordpress/"
        },
        {
            "name": "wpackagist-plugin/google-sitemap-generator",
            "version": "4.0.8",
            "source": {
                "type": "svn",
                "url": "http://plugins.svn.wordpress.org/google-sitemap-generator/",
                "reference": "tags/4.0.8"
            },
            "dist": {
                "type": "zip",
                "url": "https://downloads.wordpress.org/plugin/google-sitemap-generator.4.0.8.zip",
                "reference": null,
                "shasum": null
            },
            "require": {
                "composer/installers": "~1.0"
            },
            "type": "wordpress-plugin",
            "homepage": "https://wordpress.org/plugins/google-sitemap-generator/"
        },
        {
            "name": "wpackagist-plugin/post-type-archive-links",
            "version": "1.3.1",
            "source": {
                "type": "svn",
                "url": "http://plugins.svn.wordpress.org/post-type-archive-links/",
                "reference": "tags/1.3.1"
            },
            "dist": {
                "type": "zip",
                "url": "https://downloads.wordpress.org/plugin/post-type-archive-links.1.3.1.zip",
                "reference": null,
                "shasum": null
            },
            "require": {
                "composer/installers": "~1.0"
            },
            "type": "wordpress-plugin",
            "homepage": "https://wordpress.org/plugins/post-type-archive-links/"
        },
        {
            "name": "wpackagist-plugin/safe-redirect-manager",
            "version": "1.7.8",
            "source": {
                "type": "svn",
                "url": "https://plugins.svn.wordpress.org/safe-redirect-manager/",
                "reference": "tags/1.7.8"
            },
            "dist": {
                "type": "zip",
                "url": "https://downloads.wordpress.org/plugin/safe-redirect-manager.1.7.8.zip",
                "reference": null,
                "shasum": null
            },
            "require": {
                "composer/installers": "~1.0"
            },
            "type": "wordpress-plugin",
            "homepage": "https://wordpress.org/plugins/safe-redirect-manager/"
        },
        {
            "name": "wpackagist-plugin/wp-google-analytics",
            "version": "1.4.1",
            "source": {
                "type": "svn",
                "url": "http://plugins.svn.wordpress.org/wp-google-analytics/",
                "reference": "tags/1.4.1"
            },
            "dist": {
                "type": "zip",
                "url": "https://downloads.wordpress.org/plugin/wp-google-analytics.1.4.1.zip",
                "reference": null,
                "shasum": null
            },
            "require": {
                "composer/installers": "~1.0"
            },
            "type": "wordpress-plugin",
            "homepage": "https://wordpress.org/plugins/wp-google-analytics/"
        },
        {
            "name": "wpackagist-plugin/wp-robots-txt",
            "version": "1.1",
            "source": {
                "type": "svn",
                "url": "http://plugins.svn.wordpress.org/wp-robots-txt/",
                "reference": "tags/1.1"
            },
            "dist": {
                "type": "zip",
                "url": "https://downloads.wordpress.org/plugin/wp-robots-txt.1.1.zip",
                "reference": null,
                "shasum": null
            },
            "require": {
                "composer/installers": "~1.0"
            },
            "type": "wordpress-plugin",
            "homepage": "https://wordpress.org/plugins/wp-robots-txt/"
        },
        {
            "name": "wpackagist-plugin/wp-security-audit-log",
            "version": "2.4.3",
            "source": {
                "type": "svn",
                "url": "https://plugins.svn.wordpress.org/wp-security-audit-log/",
                "reference": "tags/2.4.3"
            },
            "dist": {
                "type": "zip",
                "url": "https://downloads.wordpress.org/plugin/wp-security-audit-log.2.4.3.zip",
                "reference": null,
                "shasum": null
            },
            "require": {
                "composer/installers": "~1.0"
            },
            "type": "wordpress-plugin",
            "homepage": "https://wordpress.org/plugins/wp-security-audit-log/"
        }
    ],
    "packages-dev": [
        {
            "name": "squizlabs/php_codesniffer",
            "version": "2.6.1",
            "source": {
                "type": "git",
                "url": "https://github.com/squizlabs/PHP_CodeSniffer.git",
                "reference": "fb72ed32f8418db5e7770be1653e62e0d6f5dd3d"
            },
            "dist": {
                "type": "zip",
                "url": "https://api.github.com/repos/squizlabs/PHP_CodeSniffer/zipball/fb72ed32f8418db5e7770be1653e62e0d6f5dd3d",
                "reference": "fb72ed32f8418db5e7770be1653e62e0d6f5dd3d",
                "shasum": ""
            },
            "require": {
                "ext-simplexml": "*",
                "ext-tokenizer": "*",
                "ext-xmlwriter": "*",
                "php": ">=5.1.2"
            },
            "require-dev": {
                "phpunit/phpunit": "~4.0"
            },
            "bin": [
                "scripts/phpcs",
                "scripts/phpcbf"
            ],
            "type": "library",
            "extra": {
                "branch-alias": {
                    "dev-master": "2.x-dev"
                }
            },
            "autoload": {
                "classmap": [
                    "CodeSniffer.php",
                    "CodeSniffer/CLI.php",
                    "CodeSniffer/Exception.php",
                    "CodeSniffer/File.php",
                    "CodeSniffer/Fixer.php",
                    "CodeSniffer/Report.php",
                    "CodeSniffer/Reporting.php",
                    "CodeSniffer/Sniff.php",
                    "CodeSniffer/Tokens.php",
                    "CodeSniffer/Reports/",
                    "CodeSniffer/Tokenizers/",
                    "CodeSniffer/DocGenerators/",
                    "CodeSniffer/Standards/AbstractPatternSniff.php",
                    "CodeSniffer/Standards/AbstractScopeSniff.php",
                    "CodeSniffer/Standards/AbstractVariableSniff.php",
                    "CodeSniffer/Standards/IncorrectPatternException.php",
                    "CodeSniffer/Standards/Generic/Sniffs/",
                    "CodeSniffer/Standards/MySource/Sniffs/",
                    "CodeSniffer/Standards/PEAR/Sniffs/",
                    "CodeSniffer/Standards/PSR1/Sniffs/",
                    "CodeSniffer/Standards/PSR2/Sniffs/",
                    "CodeSniffer/Standards/Squiz/Sniffs/",
                    "CodeSniffer/Standards/Zend/Sniffs/"
                ]
            },
            "notification-url": "https://packagist.org/downloads/",
            "license": [
                "BSD-3-Clause"
            ],
            "authors": [
                {
                    "name": "Greg Sherwood",
                    "role": "lead"
                }
            ],
            "description": "PHP_CodeSniffer tokenizes PHP, JavaScript and CSS files and detects violations of a defined set of coding standards.",
            "homepage": "http://www.squizlabs.com/php-codesniffer",
            "keywords": [
                "phpcs",
                "standards"
            ],
            "time": "2016-05-30 22:24:32"
        },
        {
            "name": "wp-coding-standards/wpcs",
            "version": "2014-12-11",
            "source": {
                "type": "git",
                "url": "https://github.com/WordPress-Coding-Standards/WordPress-Coding-Standards.git",
                "reference": "71db077c5527969b11c45dd0333bd79984c5804c"
            },
            "dist": {
                "type": "zip",
                "url": "https://api.github.com/repos/WordPress-Coding-Standards/WordPress-Coding-Standards/zipball/71db077c5527969b11c45dd0333bd79984c5804c",
                "reference": "71db077c5527969b11c45dd0333bd79984c5804c",
                "shasum": ""
            },
            "require": {
                "squizlabs/php_codesniffer": "~2.0"
            },
            "type": "library",
            "notification-url": "https://packagist.org/downloads/",
            "license": [
                "MIT"
            ],
            "authors": [
                {
                    "name": "X-Team",
                    "homepage": "http://x-team.com/"
                },
                {
                    "name": "Contributors",
                    "homepage": "https://github.com/WordPress-Coding-Standards/WordPress-Coding-Standards/graphs/contributors"
                }
            ],
            "description": "PHP_CodeSniffer rules (sniffs) to enforce WordPress coding conventions",
            "keywords": [
                "phpcs",
                "standards",
                "wordpress"
            ],
            "time": "2014-12-11 00:25:17"
        },
        {
            "name": "wpackagist-plugin/debug-bar",
            "version": "0.8.4",
            "source": {
                "type": "svn",
                "url": "https://plugins.svn.wordpress.org/debug-bar/",
                "reference": "tags/0.8.4"
            },
            "dist": {
                "type": "zip",
                "url": "https://downloads.wordpress.org/plugin/debug-bar.0.8.4.zip",
                "reference": null,
                "shasum": null
            },
            "require": {
                "composer/installers": "~1.0"
            },
            "type": "wordpress-plugin",
            "homepage": "https://wordpress.org/plugins/debug-bar/"
        },
        {
            "name": "wpackagist-plugin/debug-objects",
            "version": "2.2.2",
            "source": {
                "type": "svn",
                "url": "https://plugins.svn.wordpress.org/debug-objects/",
                "reference": "tags/2.2.2"
            },
            "dist": {
                "type": "zip",
                "url": "https://downloads.wordpress.org/plugin/debug-objects.2.2.2.zip",
                "reference": null,
                "shasum": null
            },
            "require": {
                "composer/installers": "~1.0"
            },
            "type": "wordpress-plugin",
            "homepage": "https://wordpress.org/plugins/debug-objects/"
        },
        {
            "name": "wpackagist-plugin/debug-queries",
            "version": "1.0.2",
            "source": {
                "type": "svn",
                "url": "http://plugins.svn.wordpress.org/debug-queries/",
                "reference": "tags/1.0.2"
            },
            "dist": {
                "type": "zip",
                "url": "https://downloads.wordpress.org/plugin/debug-queries.1.0.2.zip",
                "reference": null,
                "shasum": null
            },
            "require": {
                "composer/installers": "~1.0"
            },
            "type": "wordpress-plugin",
            "homepage": "https://wordpress.org/plugins/debug-queries/"
        },
        {
            "name": "wpackagist-plugin/log-deprecated-notices",
            "version": "0.3",
            "source": {
                "type": "svn",
                "url": "http://plugins.svn.wordpress.org/log-deprecated-notices/",
                "reference": "tags/0.3"
            },
            "dist": {
                "type": "zip",
                "url": "https://downloads.wordpress.org/plugin/log-deprecated-notices.0.3.zip",
                "reference": null,
                "shasum": null
            },
            "require": {
                "composer/installers": "~1.0"
            },
            "type": "wordpress-plugin",
            "homepage": "https://wordpress.org/plugins/log-deprecated-notices/"
        },
        {
            "name": "wpackagist-plugin/p3-profiler",
            "version": "1.5.3.9",
            "source": {
                "type": "svn",
                "url": "http://plugins.svn.wordpress.org/p3-profiler/",
                "reference": "tags/1.5.3.9"
            },
            "dist": {
                "type": "zip",
                "url": "https://downloads.wordpress.org/plugin/p3-profiler.1.5.3.9.zip",
                "reference": null,
                "shasum": null
            },
            "require": {
                "composer/installers": "~1.0"
            },
            "type": "wordpress-plugin",
            "homepage": "https://wordpress.org/plugins/p3-profiler/"
        },
        {
            "name": "wpackagist-plugin/query-monitor",
            "version": "2.8.1",
            "source": {
                "type": "svn",
                "url": "https://plugins.svn.wordpress.org/query-monitor/",
                "reference": "tags/2.8.1"
            },
            "dist": {
                "type": "zip",
                "url": "https://downloads.wordpress.org/plugin/query-monitor.2.8.1.zip",
                "reference": null,
                "shasum": null
            },
            "require": {
                "composer/installers": "~1.0"
            },
            "type": "wordpress-plugin",
            "homepage": "https://wordpress.org/plugins/query-monitor/"
        },
        {
            "name": "wpackagist-plugin/rewrite-rules-inspector",
            "version": "1.2.1",
            "source": {
                "type": "svn",
                "url": "http://plugins.svn.wordpress.org/rewrite-rules-inspector/",
                "reference": "tags/1.2.1"
            },
            "dist": {
                "type": "zip",
                "url": "https://downloads.wordpress.org/plugin/rewrite-rules-inspector.1.2.1.zip",
                "reference": null,
                "shasum": null
            },
            "require": {
                "composer/installers": "~1.0"
            },
            "type": "wordpress-plugin",
            "homepage": "https://wordpress.org/plugins/rewrite-rules-inspector/"
        },
        {
            "name": "wpackagist-plugin/theme-check",
            "version": "20150818.1",
            "source": {
                "type": "svn",
                "url": "http://plugins.svn.wordpress.org/theme-check/",
                "reference": "tags/20150818.1"
            },
            "dist": {
                "type": "zip",
                "url": "https://downloads.wordpress.org/plugin/theme-check.20150818.1.zip",
                "reference": null,
                "shasum": null
            },
            "require": {
                "composer/installers": "~1.0"
            },
            "type": "wordpress-plugin",
            "homepage": "https://wordpress.org/plugins/theme-check/"
        },
        {
            "name": "wpackagist-plugin/user-switching",
            "version": "1.0.9",
            "source": {
                "type": "svn",
                "url": "https://plugins.svn.wordpress.org/user-switching/",
                "reference": "tags/1.0.9"
            },
            "dist": {
                "type": "zip",
                "url": "https://downloads.wordpress.org/plugin/user-switching.1.0.9.zip",
                "reference": null,
                "shasum": null
            },
            "require": {
                "composer/installers": "~1.0"
            },
            "type": "wordpress-plugin",
            "homepage": "https://wordpress.org/plugins/user-switching/"
        },
        {
            "name": "wpackagist-plugin/wordpress-importer",
            "version": "0.6.2",
            "source": {
                "type": "svn",
                "url": "https://plugins.svn.wordpress.org/wordpress-importer/",
                "reference": "tags/0.6.2"
            },
            "dist": {
                "type": "zip",
                "url": "https://downloads.wordpress.org/plugin/wordpress-importer.0.6.2.zip",
                "reference": null,
                "shasum": null
            },
            "require": {
                "composer/installers": "~1.0"
            },
            "type": "wordpress-plugin",
            "homepage": "https://wordpress.org/plugins/wordpress-importer/"
        }
    ],
    "aliases": [],
    "minimum-stability": "stable",
    "stability-flags": {
        "trinitymirror/term-menu-order": 20
    },
    "prefer-stable": false,
    "prefer-lowest": false,
    "platform": {
        "php": ">=5.4"
    },
    "platform-dev": []
}
